
Microsoft Visual Studio Solution File, Format Version 12.00
# Visual Studio 2015
Project("{FAE04EC0-301F-11D3-BF4B-00C04F79EFBC}") = "SpeedBike.CSharp", "SpeedBike.CSharp.csproj", "{04D06FBA-9A1F-38C8-6A1E-D4B911E5E45F}"
EndProject
Global
	GlobalSection(SolutionConfigurationPlatforms) = preSolution
		Debug|Any CPU = Debug|Any CPU
		Release|Any CPU = Release|Any CPU
	EndGlobalSection
	GlobalSection(ProjectConfigurationPlatforms) = postSolution
		{04D06FBA-9A1F-38C8-6A1E-D4B911E5E45F}.Debug|Any CPU.ActiveCfg = Debug|Any CPU
		{04D06FBA-9A1F-38C8-6A1E-D4B911E5E45F}.Debug|Any CPU.Build.0 = Debug|Any CPU
		{04D06FBA-9A1F-38C8-6A1E-D4B911E5E45F}.Release|Any CPU.ActiveCfg = Release|Any CPU
		{04D06FBA-9A1F-38C8-6A1E-D4B911E5E45F}.Release|Any CPU.Build.0 = Release|Any CPU
	EndGlobalSection
	GlobalSection(SolutionProperties) = preSolution
		HideSolutionNode = FALSE
	EndGlobalSection
EndGlobal
